
Microsoft Visual Studio Solution File, Format Version 11.00
# Visual Studio 2010
Project("{FAE04EC0-301F-11D3-BF4B-00C04F79EFBC}") = "galeria", "galeria\galeria.csproj", "{78DC459F-A1D9-46FD-A8DE-2B8DD4A73A72}"
EndProject
Project("{FAE04EC0-301F-11D3-BF4B-00C04F79EFBC}") = "galeria.Tests", "galeria.Tests\galeria.Tests.csproj", "{5B3FA9F2-DEBB-41FE-B72A-AF0B3BDD34A9}"
EndProject
Global
	GlobalSection(SolutionConfigurationPlatforms) = preSolution
		Debug|Any CPU = Debug|Any CPU
		Release|Any CPU = Release|Any CPU
	EndGlobalSection
	GlobalSection(ProjectConfigurationPlatforms) = postSolution
		{78DC459F-A1D9-46FD-A8DE-2B8DD4A73A72}.Debug|Any CPU.ActiveCfg = Debug|Any CPU
		{78DC459F-A1D9-46FD-A8DE-2B8DD4A73A72}.Debug|Any CPU.Build.0 = Debug|Any CPU
		{78DC459F-A1D9-46FD-A8DE-2B8DD4A73A72}.Release|Any CPU.ActiveCfg = Release|Any CPU
		{78DC459F-A1D9-46FD-A8DE-2B8DD4A73A72}.Release|Any CPU.Build.0 = Release|Any CPU
		{5B3FA9F2-DEBB-41FE-B72A-AF0B3BDD34A9}.Debug|Any CPU.ActiveCfg = Debug|Any CPU
		{5B3FA9F2-DEBB-41FE-B72A-AF0B3BDD34A9}.Debug|Any CPU.Build.0 = Debug|Any CPU
		{5B3FA9F2-DEBB-41FE-B72A-AF0B3BDD34A9}.Release|Any CPU.ActiveCfg = Release|Any CPU
		{5B3FA9F2-DEBB-41FE-B72A-AF0B3BDD34A9}.Release|Any CPU.Build.0 = Release|Any CPU
	EndGlobalSection
	GlobalSection(SolutionProperties) = preSolution
		HideSolutionNode = FALSE
	EndGlobalSection
EndGlobal
